
Microsoft Visual Studio Solution File, Format Version 12.00
# Visual Studio 14
VisualStudioVersion = 14.0.25420.1
MinimumVisualStudioVersion = 10.0.40219.1
Project("{8BC9CEB8-8B4A-11D0-8D11-00A0C91BC942}") = "launcher", "launcher\launcher.vcxproj", "{A0BEC545-C1F1-4A34-BEF0-6ED841E87AEF}"
	ProjectSection(ProjectDependencies) = postProject
		{E96DC319-B5E9-4826-9BFE-5FD50A8F145A} = {E96DC319-B5E9-4826-9BFE-5FD50A8F145A}
		{9BB7DF4B-55B1-428C-A8B3-A2925A384B98} = {9BB7DF4B-55B1-428C-A8B3-A2925A384B98}
		{6E040EC0-A677-443A-94E0-45529265CB1B} = {6E040EC0-A677-443A-94E0-45529265CB1B}
	EndProjectSection
EndProject
Project("{8BC9CEB8-8B4A-11D0-8D11-00A0C91BC942}") = "ogl_graphics", "ogl_graphics\ogl_graphics.vcxproj", "{52D0C393-D0CF-47EF-8D7B-14B4906F034C}"
	ProjectSection(ProjectDependencies) = postProject
		{E96DC319-B5E9-4826-9BFE-5FD50A8F145A} = {E96DC319-B5E9-4826-9BFE-5FD50A8F145A}
		{6E040EC0-A677-443A-94E0-45529265CB1B} = {6E040EC0-A677-443A-94E0-45529265CB1B}
		{2C901CD5-E7BA-4150-9569-2E94A3E54535} = {2C901CD5-E7BA-4150-9569-2E94A3E54535}
	EndProjectSection
EndProject
Project("{8BC9CEB8-8B4A-11D0-8D11-00A0C91BC942}") = "core", "core\core.vcxproj", "{E96DC319-B5E9-4826-9BFE-5FD50A8F145A}"
	ProjectSection(ProjectDependencies) = postProject
		{5E03D25A-50F0-4D99-AFD4-63365016ADFF} = {5E03D25A-50F0-4D99-AFD4-63365016ADFF}
		{6F3E2361-BDC4-4577-8603-C6AAE434F9AD} = {6F3E2361-BDC4-4577-8603-C6AAE434F9AD}
		{6E040EC0-A677-443A-94E0-45529265CB1B} = {6E040EC0-A677-443A-94E0-45529265CB1B}
	EndProjectSection
EndProject
Project("{8BC9CEB8-8B4A-11D0-8D11-00A0C91BC942}") = "win32windowing", "win32windowing\win32windowing.vcxproj", "{2C901CD5-E7BA-4150-9569-2E94A3E54535}"
	ProjectSection(ProjectDependencies) = postProject
		{E96DC319-B5E9-4826-9BFE-5FD50A8F145A} = {E96DC319-B5E9-4826-9BFE-5FD50A8F145A}
		{6E040EC0-A677-443A-94E0-45529265CB1B} = {6E040EC0-A677-443A-94E0-45529265CB1B}
	EndProjectSection
EndProject
Project("{8BC9CEB8-8B4A-11D0-8D11-00A0C91BC942}") = "tests", "tests\tests.vcxproj", "{3B1B3AD5-1CB3-436E-8493-3590C981BC57}"
	ProjectSection(ProjectDependencies) = postProject
		{E96DC319-B5E9-4826-9BFE-5FD50A8F145A} = {E96DC319-B5E9-4826-9BFE-5FD50A8F145A}
	EndProjectSection
EndProject
Project("{8BC9CEB8-8B4A-11D0-8D11-00A0C91BC942}") = "di", "di\di.vcxproj", "{9BB7DF4B-55B1-428C-A8B3-A2925A384B98}"
EndProject
Project("{8BC9CEB8-8B4A-11D0-8D11-00A0C91BC942}") = "scene", "scene\scene.vcxproj", "{5E03D25A-50F0-4D99-AFD4-63365016ADFF}"
EndProject
Project("{8BC9CEB8-8B4A-11D0-8D11-00A0C91BC942}") = "di_rtlib", "di_rtlib\di_rtlib.vcxproj", "{6E040EC0-A677-443A-94E0-45529265CB1B}"
EndProject
Project("{8BC9CEB8-8B4A-11D0-8D11-00A0C91BC942}") = "material", "material\material.vcxproj", "{6F3E2361-BDC4-4577-8603-C6AAE434F9AD}"
EndProject
Project("{8BC9CEB8-8B4A-11D0-8D11-00A0C91BC942}") = "cAPI", "cAPI\cAPI.vcxproj", "{D752899E-FDFC-4FC3-86AE-01C29DE2C2F5}"
	ProjectSection(ProjectDependencies) = postProject
		{E96DC319-B5E9-4826-9BFE-5FD50A8F145A} = {E96DC319-B5E9-4826-9BFE-5FD50A8F145A}
		{6E040EC0-A677-443A-94E0-45529265CB1B} = {6E040EC0-A677-443A-94E0-45529265CB1B}
	EndProjectSection
EndProject
Project("{8BC9CEB8-8B4A-11D0-8D11-00A0C91BC942}") = "main", "main\main.vcxproj", "{D2D4377F-5876-421D-9F3A-49C4D78EB3AF}"
	ProjectSection(ProjectDependencies) = postProject
		{E96DC319-B5E9-4826-9BFE-5FD50A8F145A} = {E96DC319-B5E9-4826-9BFE-5FD50A8F145A}
		{A0BEC545-C1F1-4A34-BEF0-6ED841E87AEF} = {A0BEC545-C1F1-4A34-BEF0-6ED841E87AEF}
	EndProjectSection
EndProject
Project("{8BC9CEB8-8B4A-11D0-8D11-00A0C91BC942}") = "cAPI_test", "cAPI_test\cAPI_test.vcxproj", "{8E8944A7-BFC9-4597-8F2A-9754981AB0D9}"
	ProjectSection(ProjectDependencies) = postProject
		{E96DC319-B5E9-4826-9BFE-5FD50A8F145A} = {E96DC319-B5E9-4826-9BFE-5FD50A8F145A}
		{A0BEC545-C1F1-4A34-BEF0-6ED841E87AEF} = {A0BEC545-C1F1-4A34-BEF0-6ED841E87AEF}
		{D752899E-FDFC-4FC3-86AE-01C29DE2C2F5} = {D752899E-FDFC-4FC3-86AE-01C29DE2C2F5}
	EndProjectSection
EndProject
Project("{8BC9CEB8-8B4A-11D0-8D11-00A0C91BC942}") = "pyscrptsys", "pyscrptsys\pyscrptsys.vcxproj", "{41075219-EA51-4814-8F30-456C6D80B4FE}"
EndProject
Global
	GlobalSection(SolutionConfigurationPlatforms) = preSolution
		Debug|x64 = Debug|x64
		Debug|x86 = Debug|x86
		Release|x64 = Release|x64
		Release|x86 = Release|x86
	EndGlobalSection
	GlobalSection(ProjectConfigurationPlatforms) = postSolution
		{A0BEC545-C1F1-4A34-BEF0-6ED841E87AEF}.Debug|x64.ActiveCfg = Debug|x64
		{A0BEC545-C1F1-4A34-BEF0-6ED841E87AEF}.Debug|x64.Build.0 = Debug|x64
		{A0BEC545-C1F1-4A34-BEF0-6ED841E87AEF}.Debug|x86.ActiveCfg = Debug|Win32
		{A0BEC545-C1F1-4A34-BEF0-6ED841E87AEF}.Debug|x86.Build.0 = Debug|Win32
		{A0BEC545-C1F1-4A34-BEF0-6ED841E87AEF}.Release|x64.ActiveCfg = Release|x64
		{A0BEC545-C1F1-4A34-BEF0-6ED841E87AEF}.Release|x64.Build.0 = Release|x64
		{A0BEC545-C1F1-4A34-BEF0-6ED841E87AEF}.Release|x86.ActiveCfg = Release|Win32
		{A0BEC545-C1F1-4A34-BEF0-6ED841E87AEF}.Release|x86.Build.0 = Release|Win32
		{52D0C393-D0CF-47EF-8D7B-14B4906F034C}.Debug|x64.ActiveCfg = Debug|x64
		{52D0C393-D0CF-47EF-8D7B-14B4906F034C}.Debug|x64.Build.0 = Debug|x64
		{52D0C393-D0CF-47EF-8D7B-14B4906F034C}.Debug|x86.ActiveCfg = Debug|Win32
		{52D0C393-D0CF-47EF-8D7B-14B4906F034C}.Debug|x86.Build.0 = Debug|Win32
		{52D0C393-D0CF-47EF-8D7B-14B4906F034C}.Release|x64.ActiveCfg = Release|x64
		{52D0C393-D0CF-47EF-8D7B-14B4906F034C}.Release|x64.Build.0 = Release|x64
		{52D0C393-D0CF-47EF-8D7B-14B4906F034C}.Release|x86.ActiveCfg = Release|Win32
		{52D0C393-D0CF-47EF-8D7B-14B4906F034C}.Release|x86.Build.0 = Release|Win32
		{E96DC319-B5E9-4826-9BFE-5FD50A8F145A}.Debug|x64.ActiveCfg = Debug|x64
		{E96DC319-B5E9-4826-9BFE-5FD50A8F145A}.Debug|x64.Build.0 = Debug|x64
		{E96DC319-B5E9-4826-9BFE-5FD50A8F145A}.Debug|x86.ActiveCfg = Debug|Win32
		{E96DC319-B5E9-4826-9BFE-5FD50A8F145A}.Debug|x86.Build.0 = Debug|Win32
		{E96DC319-B5E9-4826-9BFE-5FD50A8F145A}.Release|x64.ActiveCfg = Release|x64
		{E96DC319-B5E9-4826-9BFE-5FD50A8F145A}.Release|x64.Build.0 = Release|x64
		{E96DC319-B5E9-4826-9BFE-5FD50A8F145A}.Release|x86.ActiveCfg = Release|Win32
		{E96DC319-B5E9-4826-9BFE-5FD50A8F145A}.Release|x86.Build.0 = Release|Win32
		{2C901CD5-E7BA-4150-9569-2E94A3E54535}.Debug|x64.ActiveCfg = Debug|x64
		{2C901CD5-E7BA-4150-9569-2E94A3E54535}.Debug|x64.Build.0 = Debug|x64
		{2C901CD5-E7BA-4150-9569-2E94A3E54535}.Debug|x86.ActiveCfg = Debug|Win32
		{2C901CD5-E7BA-4150-9569-2E94A3E54535}.Debug|x86.Build.0 = Debug|Win32
		{2C901CD5-E7BA-4150-9569-2E94A3E54535}.Release|x64.ActiveCfg = Release|x64
		{2C901CD5-E7BA-4150-9569-2E94A3E54535}.Release|x64.Build.0 = Release|x64
		{2C901CD5-E7BA-4150-9569-2E94A3E54535}.Release|x86.ActiveCfg = Release|Win32
		{2C901CD5-E7BA-4150-9569-2E94A3E54535}.Release|x86.Build.0 = Release|Win32
		{3B1B3AD5-1CB3-436E-8493-3590C981BC57}.Debug|x64.ActiveCfg = Debug|x64
		{3B1B3AD5-1CB3-436E-8493-3590C981BC57}.Debug|x64.Build.0 = Debug|x64
		{3B1B3AD5-1CB3-436E-8493-3590C981BC57}.Debug|x86.ActiveCfg = Debug|Win32
		{3B1B3AD5-1CB3-436E-8493-3590C981BC57}.Debug|x86.Build.0 = Debug|Win32
		{3B1B3AD5-1CB3-436E-8493-3590C981BC57}.Release|x64.ActiveCfg = Release|x64
		{3B1B3AD5-1CB3-436E-8493-3590C981BC57}.Release|x64.Build.0 = Release|x64
		{3B1B3AD5-1CB3-436E-8493-3590C981BC57}.Release|x86.ActiveCfg = Release|Win32
		{3B1B3AD5-1CB3-436E-8493-3590C981BC57}.Release|x86.Build.0 = Release|Win32
		{9BB7DF4B-55B1-428C-A8B3-A2925A384B98}.Debug|x64.ActiveCfg = Debug|x64
		{9BB7DF4B-55B1-428C-A8B3-A2925A384B98}.Debug|x64.Build.0 = Debug|x64
		{9BB7DF4B-55B1-428C-A8B3-A2925A384B98}.Debug|x86.ActiveCfg = Debug|Win32
		{9BB7DF4B-55B1-428C-A8B3-A2925A384B98}.Debug|x86.Build.0 = Debug|Win32
		{9BB7DF4B-55B1-428C-A8B3-A2925A384B98}.Release|x64.ActiveCfg = Release|x64
		{9BB7DF4B-55B1-428C-A8B3-A2925A384B98}.Release|x64.Build.0 = Release|x64
		{9BB7DF4B-55B1-428C-A8B3-A2925A384B98}.Release|x86.ActiveCfg = Release|Win32
		{9BB7DF4B-55B1-428C-A8B3-A2925A384B98}.Release|x86.Build.0 = Release|Win32
		{5E03D25A-50F0-4D99-AFD4-63365016ADFF}.Debug|x64.ActiveCfg = Debug|x64
		{5E03D25A-50F0-4D99-AFD4-63365016ADFF}.Debug|x64.Build.0 = Debug|x64
		{5E03D25A-50F0-4D99-AFD4-63365016ADFF}.Debug|x86.ActiveCfg = Debug|Win32
		{5E03D25A-50F0-4D99-AFD4-63365016ADFF}.Debug|x86.Build.0 = Debug|Win32
		{5E03D25A-50F0-4D99-AFD4-63365016ADFF}.Release|x64.ActiveCfg = Release|x64
		{5E03D25A-50F0-4D99-AFD4-63365016ADFF}.Release|x64.Build.0 = Release|x64
		{5E03D25A-50F0-4D99-AFD4-63365016ADFF}.Release|x86.ActiveCfg = Release|Win32
		{5E03D25A-50F0-4D99-AFD4-63365016ADFF}.Release|x86.Build.0 = Release|Win32
		{6E040EC0-A677-443A-94E0-45529265CB1B}.Debug|x64.ActiveCfg = Debug|x64
		{6E040EC0-A677-443A-94E0-45529265CB1B}.Debug|x64.Build.0 = Debug|x64
		{6E040EC0-A677-443A-94E0-45529265CB1B}.Debug|x86.ActiveCfg = Debug|Win32
		{6E040EC0-A677-443A-94E0-45529265CB1B}.Debug|x86.Build.0 = Debug|Win32
		{6E040EC0-A677-443A-94E0-45529265CB1B}.Release|x64.ActiveCfg = Release|x64
		{6E040EC0-A677-443A-94E0-45529265CB1B}.Release|x64.Build.0 = Release|x64
		{6E040EC0-A677-443A-94E0-45529265CB1B}.Release|x86.ActiveCfg = Release|Win32
		{6E040EC0-A677-443A-94E0-45529265CB1B}.Release|x86.Build.0 = Release|Win32
		{6F3E2361-BDC4-4577-8603-C6AAE434F9AD}.Debug|x64.ActiveCfg = Debug|x64
		{6F3E2361-BDC4-4577-8603-C6AAE434F9AD}.Debug|x64.Build.0 = Debug|x64
		{6F3E2361-BDC4-4577-8603-C6AAE434F9AD}.Debug|x86.ActiveCfg = Debug|Win32
		{6F3E2361-BDC4-4577-8603-C6AAE434F9AD}.Debug|x86.Build.0 = Debug|Win32
		{6F3E2361-BDC4-4577-8603-C6AAE434F9AD}.Release|x64.ActiveCfg = Release|x64
		{6F3E2361-BDC4-4577-8603-C6AAE434F9AD}.Release|x64.Build.0 = Release|x64
		{6F3E2361-BDC4-4577-8603-C6AAE434F9AD}.Release|x86.ActiveCfg = Release|Win32
		{6F3E2361-BDC4-4577-8603-C6AAE434F9AD}.Release|x86.Build.0 = Release|Win32
		{D752899E-FDFC-4FC3-86AE-01C29DE2C2F5}.Debug|x64.ActiveCfg = Debug|x64
		{D752899E-FDFC-4FC3-86AE-01C29DE2C2F5}.Debug|x64.Build.0 = Debug|x64
		{D752899E-FDFC-4FC3-86AE-01C29DE2C2F5}.Debug|x86.ActiveCfg = Debug|Win32
		{D752899E-FDFC-4FC3-86AE-01C29DE2C2F5}.Debug|x86.Build.0 = Debug|Win32
		{D752899E-FDFC-4FC3-86AE-01C29DE2C2F5}.Release|x64.ActiveCfg = Release|x64
		{D752899E-FDFC-4FC3-86AE-01C29DE2C2F5}.Release|x64.Build.0 = Release|x64
		{D752899E-FDFC-4FC3-86AE-01C29DE2C2F5}.Release|x86.ActiveCfg = Release|Win32
		{D752899E-FDFC-4FC3-86AE-01C29DE2C2F5}.Release|x86.Build.0 = Release|Win32
		{D2D4377F-5876-421D-9F3A-49C4D78EB3AF}.Debug|x64.ActiveCfg = Debug|x64
		{D2D4377F-5876-421D-9F3A-49C4D78EB3AF}.Debug|x64.Build.0 = Debug|x64
		{D2D4377F-5876-421D-9F3A-49C4D78EB3AF}.Debug|x86.ActiveCfg = Debug|Win32
		{D2D4377F-5876-421D-9F3A-49C4D78EB3AF}.Debug|x86.Build.0 = Debug|Win32
		{D2D4377F-5876-421D-9F3A-49C4D78EB3AF}.Release|x64.ActiveCfg = Release|x64
		{D2D4377F-5876-421D-9F3A-49C4D78EB3AF}.Release|x64.Build.0 = Release|x64
		{D2D4377F-5876-421D-9F3A-49C4D78EB3AF}.Release|x86.ActiveCfg = Release|Win32
		{D2D4377F-5876-421D-9F3A-49C4D78EB3AF}.Release|x86.Build.0 = Release|Win32
		{8E8944A7-BFC9-4597-8F2A-9754981AB0D9}.Debug|x64.ActiveCfg = Debug|x64
		{8E8944A7-BFC9-4597-8F2A-9754981AB0D9}.Debug|x64.Build.0 = Debug|x64
		{8E8944A7-BFC9-4597-8F2A-9754981AB0D9}.Debug|x86.ActiveCfg = Debug|Win32
		{8E8944A7-BFC9-4597-8F2A-9754981AB0D9}.Debug|x86.Build.0 = Debug|Win32
		{8E8944A7-BFC9-4597-8F2A-9754981AB0D9}.Release|x64.ActiveCfg = Release|x64
		{8E8944A7-BFC9-4597-8F2A-9754981AB0D9}.Release|x64.Build.0 = Release|x64
		{8E8944A7-BFC9-4597-8F2A-9754981AB0D9}.Release|x86.ActiveCfg = Release|Win32
		{8E8944A7-BFC9-4597-8F2A-9754981AB0D9}.Release|x86.Build.0 = Release|Win32
		{41075219-EA51-4814-8F30-456C6D80B4FE}.Debug|x64.ActiveCfg = Debug|x64
		{41075219-EA51-4814-8F30-456C6D80B4FE}.Debug|x64.Build.0 = Debug|x64
		{41075219-EA51-4814-8F30-456C6D80B4FE}.Debug|x86.ActiveCfg = Debug|Win32
		{41075219-EA51-4814-8F30-456C6D80B4FE}.Debug|x86.Build.0 = Debug|Win32
		{41075219-EA51-4814-8F30-456C6D80B4FE}.Release|x64.ActiveCfg = Release|x64
		{41075219-EA51-4814-8F30-456C6D80B4FE}.Release|x64.Build.0 = Release|x64
		{41075219-EA51-4814-8F30-456C6D80B4FE}.Release|x86.ActiveCfg = Release|Win32
		{41075219-EA51-4814-8F30-456C6D80B4FE}.Release|x86.Build.0 = Release|Win32
	EndGlobalSection
	GlobalSection(SolutionProperties) = preSolution
		HideSolutionNode = FALSE
	EndGlobalSection
EndGlobal
